// !$*UTF8*$!
{
	archiveVersion = 1;
	classes = {
	};
	objectVersion = 46;
	objects = {

/* Begin PBXBuildFile section */
		FD2158811CEE2049006DC6C9 /* main.m in Sources */ = {isa = PBXBuildFile; fileRef = FD2158801CEE2049006DC6C9 /* main.m */; };
		FD2158841CEE2049006DC6C9 /* AppDelegate.m in Sources */ = {isa = PBXBuildFile; fileRef = FD2158831CEE2049006DC6C9 /* AppDelegate.m */; };
		FD2158871CEE2049006DC6C9 /* ViewController.m in Sources */ = {isa = PBXBuildFile; fileRef = FD2158861CEE2049006DC6C9 /* ViewController.m */; };
		FD21588A1CEE2049006DC6C9 /* Main.storyboard in Resources */ = {isa = PBXBuildFile; fileRef = FD2158881CEE2049006DC6C9 /* Main.storyboard */; };
		FD21588D1CEE2049006DC6C9 /* OpenWeatherMap.xcdatamodeld in Sources */ = {isa = PBXBuildFile; fileRef = FD21588B1CEE2049006DC6C9 /* OpenWeatherMap.xcdatamodeld */; };
		FD21588F1CEE2049006DC6C9 /* Assets.xcassets in Resources */ = {isa = PBXBuildFile; fileRef = FD21588E1CEE2049006DC6C9 /* Assets.xcassets */; };
		FD2158921CEE2049006DC6C9 /* LaunchScreen.storyboard in Resources */ = {isa = PBXBuildFile; fileRef = FD2158901CEE2049006DC6C9 /* LaunchScreen.storyboard */; };
/* End PBXBuildFile section */

/* Begin PBXFileReference section */
		FD21587C1CEE2047006DC6C9 /* OpenWeatherMap.app */ = {isa = PBXFileReference; explicitFileType = wrapper.application; includeInIndex = 0; path = OpenWeatherMap.app; sourceTree = BUILT_PRODUCTS_DIR; };
		FD2158801CEE2049006DC6C9 /* main.m */ = {isa = PBXFileReference; lastKnownFileType = sourcecode.c.objc; path = main.m; sourceTree = "<group>"; };
		FD2158821CEE2049006DC6C9 /* AppDelegate.h */ = {isa = PBXFileReference; lastKnownFileType = sourcecode.c.h; path = AppDelegate.h; sourceTree = "<group>"; };
		FD2158831CEE2049006DC6C9 /* AppDelegate.m */ = {isa = PBXFileReference; lastKnownFileType = sourcecode.c.objc; path = AppDelegate.m; sourceTree = "<group>"; };
		FD2158851CEE2049006DC6C9 /* ViewController.h */ = {isa = PBXFileReference; lastKnownFileType = sourcecode.c.h; path = ViewController.h; sourceTree = "<group>"; };
		FD2158861CEE2049006DC6C9 /* ViewController.m */ = {isa = PBXFileReference; lastKnownFileType = sourcecode.c.objc; path = ViewController.m; sourceTree = "<group>"; };
		FD2158891CEE2049006DC6C9 /* Base */ = {isa = PBXFileReference; lastKnownFileType = file.storyboard; name = Base; path = Base.lproj/Main.storyboard; sourceTree = "<group>"; };
		FD21588C1CEE2049006DC6C9 /* OpenWeatherMap.xcdatamodel */ = {isa = PBXFileReference; lastKnownFileType = wrapper.xcdatamodel; path = OpenWeatherMap.xcdatamodel; sourceTree = "<group>"; };
		FD21588E1CEE2049006DC6C9 /* Assets.xcassets */ = {isa = PBXFileReference; lastKnownFileType = folder.assetcatalog; path = Assets.xcassets; sourceTree = "<group>"; };
		FD2158911CEE2049006DC6C9 /* Base */ = {isa = PBXFileReference; lastKnownFileType = file.storyboard; name = Base; path = Base.lproj/LaunchScreen.storyboard; sourceTree = "<group>"; };
		FD2158931CEE2049006DC6C9 /* Info.plist */ = {isa = PBXFileReference; lastKnownFileType = text.plist.xml; path = Info.plist; sourceTree = "<group>"; };
/* End PBXFileReference section */

/* Begin PBXFrameworksBuildPhase section */
		FD2158791CEE2047006DC6C9 /* Frameworks */ = {
			isa = PBXFrameworksBuildPhase;
			buildActionMask = 2147483647;
			files = (
			);
			runOnlyForDeploymentPostprocessing = 0;
		};
/* End PBXFrameworksBuildPhase section */

/* Begin PBXGroup section */
		FD2158731CEE2047006DC6C9 = {
			isa = PBXGroup;
			children = (
				FD21587E1CEE2049006DC6C9 /* OpenWeatherMap */,
				FD21587D1CEE2047006DC6C9 /* Products */,
			);
			sourceTree = "<group>";
		};
		FD21587D1CEE2047006DC6C9 /* Products */ = {
			isa = PBXGroup;
			children = (
				FD21587C1CEE2047006DC6C9 /* OpenWeatherMap.app */,
			);
			name = Products;
			sourceTree = "<group>";
		};
		FD21587E1CEE2049006DC6C9 /* OpenWeatherMap */ = {
			isa = PBXGroup;
			children = (
				FD2158821CEE2049006DC6C9 /* AppDelegate.h */,
				FD2158831CEE2049006DC6C9 /* AppDelegate.m */,
				FD2158851CEE2049006DC6C9 /* ViewController.h */,
				FD2158861CEE2049006DC6C9 /* ViewController.m */,
				FD2158881CEE2049006DC6C9 /* Main.storyboard */,
				FD21588E1CEE2049006DC6C9 /* Assets.xcassets */,
				FD2158901CEE2049006DC6C9 /* LaunchScreen.storyboard */,
				FD2158931CEE2049006DC6C9 /* Info.plist */,
				FD21588B1CEE2049006DC6C9 /* OpenWeatherMap.xcdatamodeld */,
				FD21587F1CEE2049006DC6C9 /* Supporting Files */,
			);
			path = OpenWeatherMap;
			sourceTree = "<group>";
		};
		FD21587F1CEE2049006DC6C9 /* Supporting Files */ = {
			isa = PBXGroup;
			children = (
				FD2158801CEE2049006DC6C9 /* main.m */,
			);
			name = "Supporting Files";
			sourceTree = "<group>";
		};
/* End PBXGroup section */

/* Begin PBXNativeTarget section */
		FD21587B1CEE2047006DC6C9 /* OpenWeatherMap */ = {
			isa = PBXNativeTarget;
			buildConfigurationList = FD2158961CEE2049006DC6C9 /* Build configuration list for PBXNativeTarget "OpenWeatherMap" */;
			buildPhases = (
				FD2158781CEE2047006DC6C9 /* Sources */,
				FD2158791CEE2047006DC6C9 /* Frameworks */,
				FD21587A1CEE2047006DC6C9 /* Resources */,
			);
			buildRules = (
			);
			dependencies = (
			);
			name = OpenWeatherMap;
			productName = OpenWeatherMap;
			productReference = FD21587C1CEE2047006DC6C9 /* OpenWeatherMap.app */;
			productType = "com.apple.product-type.application";
		};
/* End PBXNativeTarget section */

/* Begin PBXProject section */
		FD2158741CEE2047006DC6C9 /* Project object */ = {
			isa = PBXProject;
			attributes = {
				LastUpgradeCheck = 0730;
				ORGANIZATIONNAME = YuriyCraft;
				TargetAttributes = {
					FD21587B1CEE2047006DC6C9 = {
						CreatedOnToolsVersion = 7.3.1;
					};
				};
			};
			buildConfigurationList = FD2158771CEE2047006DC6C9 /* Build configuration list for PBXProject "OpenWeatherMap" */;
			compatibilityVersion = "Xcode 3.2";
			developmentRegion = English;
			hasScannedForEncodings = 0;
			knownRegions = (
				en,
				Base,
			);
			mainGroup = FD2158731CEE2047006DC6C9;
			productRefGroup = FD21587D1CEE2047006DC6C9 /* Products */;
			projectDirPath = "";
			projectRoot = "";
			targets = (
				FD21587B1CEE2047006DC6C9 /* OpenWeatherMap */,
			);
		};
/* End PBXProject section */

/* Begin PBXResourcesBuildPhase section */
		FD21587A1CEE2047006DC6C9 /* Resources */ = {
			isa = PBXResourcesBuildPhase;
			buildActionMask = 2147483647;
			files = (
				FD2158921CEE2049006DC6C9 /* LaunchScreen.storyboard in Resources */,
				FD21588F1CEE2049006DC6C9 /* Assets.xcassets in Resources */,
				FD21588A1CEE2049006DC6C9 /* Main.storyboard in Resources */,
			);
			runOnlyForDeploymentPostprocessing = 0;
		};
/* End PBXResourcesBuildPhase section */

/* Begin PBXSourcesBuildPhase section */
		FD2158781CEE2047006DC6C9 /* Sources */ = {
			isa = PBXSourcesBuildPhase;
			buildActionMask = 2147483647;
			files = (
				FD2158871CEE2049006DC6C9 /* ViewController.m in Sources */,
				FD2158841CEE2049006DC6C9 /* AppDelegate.m in Sources */,
				FD2158811CEE2049006DC6C9 /* main.m in Sources */,
				FD21588D1CEE2049006DC6C9 /* OpenWeatherMap.xcdatamodeld in Sources */,
			);
			runOnlyForDeploymentPostprocessing = 0;
		};
/* End PBXSourcesBuildPhase section */

/* Begin PBXVariantGroup section */
		FD2158881CEE2049006DC6C9 /* Main.storyboard */ = {
			isa = PBXVariantGroup;
			children = (
				FD2158891CEE2049006DC6C9 /* Base */,
			);
			name = Main.storyboard;
			sourceTree = "<group>";
		};
		FD2158901CEE2049006DC6C9 /* LaunchScreen.storyboard */ = {
			isa = PBXVariantGroup;
			children = (
				FD2158911CEE2049006DC6C9 /* Base */,
			);
			name = LaunchScreen.storyboard;
			sourceTree = "<group>";
		};
/* End PBXVariantGroup section */

/* Begin XCBuildConfiguration section */
		FD2158941CEE2049006DC6C9 /* Debug */ = {
			isa = XCBuildConfiguration;
			buildSettings = {
				ALWAYS_SEARCH_USER_PATHS = NO;
				CLANG_ANALYZER_NONNULL = YES;
				CLANG_CXX_LANGUAGE_STANDARD = "gnu++0x";
				CLANG_CXX_LIBRARY = "libc++";
				CLANG_ENABLE_MODULES = YES;
				CLANG_ENABLE_OBJC_ARC = YES;
				CLANG_WARN_BOOL_CONVERSION = YES;
				CLANG_WARN_CONSTANT_CONVERSION = YES;
				CLANG_WARN_DIRECT_OBJC_ISA_USAGE = YES_ERROR;
				CLANG_WARN_EMPTY_BODY = YES;
				CLANG_WARN_ENUM_CONVERSION = YES;
				CLANG_WARN_INT_CONVERSION = YES;
				CLANG_WARN_OBJC_ROOT_CLASS = YES_ERROR;
				CLANG_WARN_UNREACHABLE_CODE = YES;
				CLANG_WARN__DUPLICATE_METHOD_MATCH = YES;
				"CODE_SIGN_IDENTITY[sdk=iphoneos*]" = "iPhone Developer";
				COPY_PHASE_STRIP = NO;
				DEBUG_INFORMATION_FORMAT = dwarf;
				ENABLE_STRICT_OBJC_MSGSEND = YES;
				ENABLE_TESTABILITY = YES;
				GCC_C_LANGUAGE_STANDARD = gnu99;
				GCC_DYNAMIC_NO_PIC = NO;
				GCC_NO_COMMON_BLOCKS = YES;
				GCC_OPTIMIZATION_LEVEL = 0;
				GCC_PREPROCESSOR_DEFINITIONS = (
					"DEBUG=1",
					"$(inherited)",
				);
				GCC_WARN_64_TO_32_BIT_CONVERSION = YES;
				GCC_WARN_ABOUT_RETURN_TYPE = YES_ERROR;
				GCC_WARN_UNDECLARED_SELECTOR = YES;
				GCC_WARN_UNINITIALIZED_AUTOS = YES_AGGRESSIVE;
				GCC_WARN_UNUSED_FUNCTION = YES;
				GCC_WARN_UNUSED_VARIABLE = YES;
				IPHONEOS_DEPLOYMENT_TARGET = 9.3;
				MTL_ENABLE_DEBUG_INFO = YES;
				ONLY_ACTIVE_ARCH = YES;
				SDKROOT = iphoneos;
			};
			name = Debug;
		};
		FD2158951CEE2049006DC6C9 /* Release */ = {
			isa = XCBuildConfiguration;
			buildSettings = {
				ALWAYS_SEARCH_USER_PATHS = NO;
				CLANG_ANALYZER_NONNULL = YES;
				CLANG_CXX_LANGUAGE_STANDARD = "gnu++0x";
				CLANG_CXX_LIBRARY = "libc++";
				CLANG_ENABLE_MODULES = YES;
				CLANG_ENABLE_OBJC_ARC = YES;
				CLANG_WARN_BOOL_CONVERSION = YES;
				CLANG_WARN_CONSTANT_CONVERSION = YES;
				CLANG_WARN_DIRECT_OBJC_ISA_USAGE = YES_ERROR;
				CLANG_WARN_EMPTY_BODY = YES;
				CLANG_WARN_ENUM_CONVERSION = YES;
				CLANG_WARN_INT_CONVERSION = YES;
				CLANG_WARN_OBJC_ROOT_CLASS = YES_ERROR;
				CLANG_WARN_UNREACHABLE_CODE = YES;
				CLANG_WARN__DUPLICATE_METHOD_MATCH = YES;
				"CODE_SIGN_IDENTITY[sdk=iphoneos*]" = "iPhone Developer";
				COPY_PHASE_STRIP = NO;
				DEBUG_INFORMATION_FORMAT = "dwarf-with-dsym";
				ENABLE_NS_ASSERTIONS = NO;
				ENABLE_STRICT_OBJC_MSGSEND = YES;
				GCC_C_LANGUAGE_STANDARD = gnu99;
				GCC_NO_COMMON_BLOCKS = YES;
				GCC_WARN_64_TO_32_BIT_CONVERSION = YES;
				GCC_WARN_ABOUT_RETURN_TYPE = YES_ERROR;
				GCC_WARN_UNDECLARED_SELECTOR = YES;
				GCC_WARN_UNINITIALIZED_AUTOS = YES_AGGRESSIVE;
				GCC_WARN_UNUSED_FUNCTION = YES;
				GCC_WARN_UNUSED_VARIABLE = YES;
				IPHONEOS_DEPLOYMENT_TARGET = 9.3;
				MTL_ENABLE_DEBUG_INFO = NO;
				SDKROOT = iphoneos;
				VALIDATE_PRODUCT = YES;
			};
			name = Release;
		};
		FD2158971CEE2049006DC6C9 /* Debug */ = {
			isa = XCBuildConfiguration;
			buildSettings = {
				ASSETCATALOG_COMPILER_APPICON_NAME = AppIcon;
				INFOPLIST_FILE = OpenWeatherMap/Info.plist;
				LD_RUNPATH_SEARCH_PATHS = "$(inherited) @executable_path/Frameworks";
				PRODUCT_BUNDLE_IDENTIFIER = YC.OpenWeatherMap;
				PRODUCT_NAME = "$(TARGET_NAME)";
			};
			name = Debug;
		};
		FD2158981CEE2049006DC6C9 /* Release */ = {
			isa = XCBuildConfiguration;
			buildSettings = {
				ASSETCATALOG_COMPILER_APPICON_NAME = AppIcon;
				INFOPLIST_FILE = OpenWeatherMap/Info.plist;
				LD_RUNPATH_SEARCH_PATHS = "$(inherited) @executable_path/Frameworks";
				PRODUCT_BUNDLE_IDENTIFIER = YC.OpenWeatherMap;
				PRODUCT_NAME = "$(TARGET_NAME)";
			};
			name = Release;
		};
/* End XCBuildConfiguration section */

/* Begin XCConfigurationList section */
		FD2158771CEE2047006DC6C9 /* Build configuration list for PBXProject "OpenWeatherMap" */ = {
			isa = XCConfigurationList;
			buildConfigurations = (
				FD2158941CEE2049006DC6C9 /* Debug */,
				FD2158951CEE2049006DC6C9 /* Release */,
			);
			defaultConfigurationIsVisible = 0;
			defaultConfigurationName = Release;
		};
		FD2158961CEE2049006DC6C9 /* Build configuration list for PBXNativeTarget "OpenWeatherMap" */ = {
			isa = XCConfigurationList;
			buildConfigurations = (
				FD2158971CEE2049006DC6C9 /* Debug */,
				FD2158981CEE2049006DC6C9 /* Release */,
			);
			defaultConfigurationIsVisible = 0;
		};
/* End XCConfigurationList section */

/* Begin XCVersionGroup section */
		FD21588B1CEE2049006DC6C9 /* OpenWeatherMap.xcdatamodeld */ = {
			isa = XCVersionGroup;
			children = (
				FD21588C1CEE2049006DC6C9 /* OpenWeatherMap.xcdatamodel */,
			);
			currentVersion = FD21588C1CEE2049006DC6C9 /* OpenWeatherMap.xcdatamodel */;
			path = OpenWeatherMap.xcdatamodeld;
			sourceTree = "<group>";
			versionGroupType = wrapper.xcdatamodel;
		};
/* End XCVersionGroup section */
	};
	rootObject = FD2158741CEE2047006DC6C9 /* Project object */;
}
